# THIS IS AN AUTOGENERATED FILE. DO NOT EDIT THIS FILE DIRECTLY.
# yarn lockfile v1


echarts@^4.5.0:
  version "4.5.0"
  resolved "https://registry.npm.taobao.org/echarts/download/echarts-4.5.0.tgz#2111960645a345eb819ddac4792a2c065bdff162"
  integrity sha1-IRGWBkWjReuBndrEeSosBlvf8WI=
  dependencies:
    zrender "4.1.2"

zrender@4.1.2:
  version "4.1.2"
  resolved "https://registry.npm.taobao.org/zrender/download/zrender-4.1.2.tgz#8368deff24c7e237cbcbd3a2ff93017905ae43f7"
  integrity sha1-g2je/yTH4jfLy9Oi/5MBeQWuQ/c=
